{
    "name": "javascript-algorithms",
    "version": "1.0.0",
    "lockfileVersion": 1,
    "requires": true,
    "dependencies": {
        "@types/chai": {
            "version": "4.1.1",
            "resolved": "https://registry.npmjs.org/@types/chai/-/chai-4.1.1.tgz",
            "integrity": "sha512-nU82bD1xUJ1BKKPNQPJffXjNQtjh5XdF7hqKhnjrpLw+5jMJdJcx6UqwWycCPnKKWQbNszOq9g9vSn1Xc0Ll/Q==",
            "dev": true
        },
        "@types/chokidar": {
            "version": "1.7.4",
            "resolved": "https://registry.npmjs.org/@types/chokidar/-/chokidar-1.7.4.tgz",
            "integrity": "sha512-QVuksEzbvU22DJg9vFW9O++u0yT6aXnn64qq/KzaUUWuf+E2IAEzAM90qGlgWpLq3pPHbUfvmlJz1TZnUePQUg==",
            "dev": true,
            "requires": {
                "@types/events": "1.1.0",
                "@types/node": "9.3.0"
            }
        },
        "@types/events": {
            "version": "1.1.0",
            "resolved": "https://registry.npmjs.org/@types/events/-/events-1.1.0.tgz",
            "integrity": "sha512-y3bR98mzYOo0pAZuiLari+cQyiKk3UXRuT45h1RjhfeCzqkjaVsfZJNaxdgtk7/3tzOm1ozLTqEqMP3VbI48jw==",
            "dev": true
        },
        "@types/glob": {
            "version": "5.0.34",
            "resolved": "https://registry.npmjs.org/@types/glob/-/glob-5.0.34.tgz",
            "integrity": "sha512-sUvpieq+HsWTLdkeOI8Mi8u22Ag3AoGuM3sv+XMP1bKtbaIAHpEA2f52K2mz6vK5PVhTa3bFyRZLZMqTxOo2Cw==",
            "dev": true,
            "requires": {
                "@types/events": "1.1.0",
                "@types/minimatch": "3.0.3",
                "@types/node": "9.3.0"
            }
        },
        "@types/glob-stream": {
            "version": "6.1.0",
            "resolved": "https://registry.npmjs.org/@types/glob-stream/-/glob-stream-6.1.0.tgz",
            "integrity": "sha512-RHv6ZQjcTncXo3thYZrsbAVwoy4vSKosSWhuhuQxLOTv74OJuFQxXkmUuZCr3q9uNBEVCvIzmZL/FeRNbHZGUg==",
            "dev": true,
            "requires": {
                "@types/glob": "5.0.34",
                "@types/node": "9.3.0"
            }
        },
        "@types/gulp": {
            "version": "4.0.5",
            "resolved": "https://registry.npmjs.org/@types/gulp/-/gulp-4.0.5.tgz",
            "integrity": "sha512-nx1QjPTiRpvLfYsZ7MBu7bT6Cm7tAXyLbY0xbdx2IEMxCK2v2urIhJMQZHW0iV1TskM71Xl6p2uRRuWDbk+/7g==",
            "dev": true,
            "requires": {
                "@types/chokidar": "1.7.4",
                "@types/undertaker": "1.1.4",
                "@types/vinyl-fs": "2.4.8"
            }
        },
        "@types/gulp-mocha": {
            "version": "0.0.31",
            "resolved": "https://registry.npmjs.org/@types/gulp-mocha/-/gulp-mocha-0.0.31.tgz",
            "integrity": "sha512-mouftd0jYKRF/DoTn4AKOOkft6yvGcvmH6qvWMHjhBqLFk44+eC2OrRFsXGbw/6YAo3PmxM2zTwd+XkTYq0w+Q==",
            "dev": true,
            "requires": {
                "@types/mocha": "2.2.46",
                "@types/node": "9.3.0"
            }
        },
        "@types/minimatch": {
            "version": "3.0.3",
            "resolved": "https://registry.npmjs.org/@types/minimatch/-/minimatch-3.0.3.tgz",
            "integrity": "sha512-tHq6qdbT9U1IRSGf14CL0pUlULksvY9OZ+5eEgl1N7t+OA3tGvNpxJCzuKQlsNgCVwbAs670L1vcVQi8j9HjnA==",
            "dev": true
        },
        "@types/mocha": {
            "version": "2.2.46",
            "resolved": "https://registry.npmjs.org/@types/mocha/-/mocha-2.2.46.tgz",
            "integrity": "sha512-fwTTP5QLf4xHMkv7ovcKvmlLWX3GrxCa5DRQDOilVyYGCp+arZTAQJCy7/4GKezzYJjfWMpB/Cy4e8nrc9XioA==",
            "dev": true
        },
        "@types/node": {
            "version": "9.3.0",
            "resolved": "https://registry.npmjs.org/@types/node/-/node-9.3.0.tgz",
            "integrity": "sha512-wNBfvNjzsJl4tswIZKXCFQY0lss9nKUyJnG6T94X/eqjRgI2jHZ4evdjhQYBSan/vGtF6XVXPApOmNH2rf0KKw==",
            "dev": true
        },
        "@types/undertaker": {
            "version": "1.1.4",
            "resolved": "https://registry.npmjs.org/@types/undertaker/-/undertaker-1.1.4.tgz",
            "integrity": "sha512-LhkjHZmh7zDJm4SRn59+LN7rYMy41s+GkKmMiaoXpnsWijkYTLPnOG4z8s2SLS5PE/fEZrQXhLBTR+iImM3feA==",
            "dev": true,
            "requires": {
                "@types/events": "1.1.0",
                "@types/undertaker-registry": "1.0.1"
            }
        },
        "@types/undertaker-registry": {
            "version": "1.0.1",
            "resolved": "https://registry.npmjs.org/@types/undertaker-registry/-/undertaker-registry-1.0.1.tgz",
            "integrity": "sha512-Z4TYuEKn9+RbNVk1Ll2SS4x1JeLHecolIbM/a8gveaHsW0Hr+RQMraZACwTO2VD7JvepgA6UO1A1VrbktQrIbQ==",
            "dev": true
        },
        "@types/vinyl": {
            "version": "2.0.2",
            "resolved": "https://registry.npmjs.org/@types/vinyl/-/vinyl-2.0.2.tgz",
            "integrity": "sha512-2iYpNuOl98SrLPBZfEN9Mh2JCJ2EI9HU35SfgBEb51DcmaHkhp8cKMblYeBqMQiwXMgAD3W60DbQ4i/UdLiXhw==",
            "dev": true,
            "requires": {
                "@types/node": "9.3.0"
            }
        },
        "@types/vinyl-fs": {
            "version": "2.4.8",
            "resolved": "https://registry.npmjs.org/@types/vinyl-fs/-/vinyl-fs-2.4.8.tgz",
            "integrity": "sha512-yE2pN9OOrxJVeO7IZLHAHrh5R4Q0osbn5WQRuQU6GdXoK7dNFrMK3K7YhATkzf3z0yQBkol3+gafs7Rp0s7dDg==",
            "dev": true,
            "requires": {
                "@types/glob-stream": "6.1.0",
                "@types/node": "9.3.0",
                "@types/vinyl": "2.0.2"
            }
        }
    }
}
